
Microsoft Visual Studio Solution File, Format Version 12.00
# Visual Studio Version 16
VisualStudioVersion = 16.0.30717.126
MinimumVisualStudioVersion = 10.0.40219.1
Project("{FAE04EC0-301F-11D3-BF4B-00C04F79EFBC}") = "CalculateGrades", "CalculateGrades\CalculateGrades.csproj", "{E1840629-3A40-4DCA-8321-4401B464ED66}"
EndProject
Global
	GlobalSection(SolutionConfigurationPlatforms) = preSolution
		Debug|Any CPU = Debug|Any CPU
		Release|Any CPU = Release|Any CPU
	EndGlobalSection
	GlobalSection(ProjectConfigurationPlatforms) = postSolution
		{E1840629-3A40-4DCA-8321-4401B464ED66}.Debug|Any CPU.ActiveCfg = Debug|Any CPU
		{E1840629-3A40-4DCA-8321-4401B464ED66}.Debug|Any CPU.Build.0 = Debug|Any CPU
		{E1840629-3A40-4DCA-8321-4401B464ED66}.Release|Any CPU.ActiveCfg = Release|Any CPU
		{E1840629-3A40-4DCA-8321-4401B464ED66}.Release|Any CPU.Build.0 = Release|Any CPU
	EndGlobalSection
	GlobalSection(SolutionProperties) = preSolution
		HideSolutionNode = FALSE
	EndGlobalSection
	GlobalSection(ExtensibilityGlobals) = postSolution
		SolutionGuid = {91462BE8-557E-436B-B059-3043B6A1455F}
	EndGlobalSection
EndGlobal
