
Microsoft Visual Studio Solution File, Format Version 12.00
# Visual Studio Version 16
VisualStudioVersion = 16.0.30413.136
MinimumVisualStudioVersion = 10.0.40219.1
Project("{FAE04EC0-301F-11D3-BF4B-00C04F79EFBC}") = "Login", "Login\Login.csproj", "{31444388-031F-4469-94D7-DEA2AE48DAD0}"
EndProject
Project("{FAE04EC0-301F-11D3-BF4B-00C04F79EFBC}") = "NumberGame", "NumberGame\NumberGame.csproj", "{F7AAC49C-5151-4561-BD01-941582316CBB}"
EndProject
Project("{FAE04EC0-301F-11D3-BF4B-00C04F79EFBC}") = "Monogram", "Monogram\Monogram.csproj", "{56ECC6A5-5BDF-48D5-9E96-52326AF36113}"
EndProject
Global
	GlobalSection(SolutionConfigurationPlatforms) = preSolution
		Debug|Any CPU = Debug|Any CPU
		Release|Any CPU = Release|Any CPU
	EndGlobalSection
	GlobalSection(ProjectConfigurationPlatforms) = postSolution
		{31444388-031F-4469-94D7-DEA2AE48DAD0}.Debug|Any CPU.ActiveCfg = Debug|Any CPU
		{31444388-031F-4469-94D7-DEA2AE48DAD0}.Debug|Any CPU.Build.0 = Debug|Any CPU
		{31444388-031F-4469-94D7-DEA2AE48DAD0}.Release|Any CPU.ActiveCfg = Release|Any CPU
		{31444388-031F-4469-94D7-DEA2AE48DAD0}.Release|Any CPU.Build.0 = Release|Any CPU
		{F7AAC49C-5151-4561-BD01-941582316CBB}.Debug|Any CPU.ActiveCfg = Debug|Any CPU
		{F7AAC49C-5151-4561-BD01-941582316CBB}.Debug|Any CPU.Build.0 = Debug|Any CPU
		{F7AAC49C-5151-4561-BD01-941582316CBB}.Release|Any CPU.ActiveCfg = Release|Any CPU
		{F7AAC49C-5151-4561-BD01-941582316CBB}.Release|Any CPU.Build.0 = Release|Any CPU
		{56ECC6A5-5BDF-48D5-9E96-52326AF36113}.Debug|Any CPU.ActiveCfg = Debug|Any CPU
		{56ECC6A5-5BDF-48D5-9E96-52326AF36113}.Debug|Any CPU.Build.0 = Debug|Any CPU
		{56ECC6A5-5BDF-48D5-9E96-52326AF36113}.Release|Any CPU.ActiveCfg = Release|Any CPU
		{56ECC6A5-5BDF-48D5-9E96-52326AF36113}.Release|Any CPU.Build.0 = Release|Any CPU
	EndGlobalSection
	GlobalSection(SolutionProperties) = preSolution
		HideSolutionNode = FALSE
	EndGlobalSection
	GlobalSection(ExtensibilityGlobals) = postSolution
		SolutionGuid = {E6789193-2AF6-431E-AAD5-7575D34FC7CC}
	EndGlobalSection
EndGlobal
