
Microsoft Visual Studio Solution File, Format Version 12.00
# Visual Studio Version 16
VisualStudioVersion = 16.0.30413.136
MinimumVisualStudioVersion = 10.0.40219.1
Project("{FAE04EC0-301F-11D3-BF4B-00C04F79EFBC}") = "P5.1 - Multiples", "P5.1 - Multiples\P5.1 - Multiples.csproj", "{9FDD3C06-D174-4FC8-8874-EAF4C045A66E}"
EndProject
Global
	GlobalSection(SolutionConfigurationPlatforms) = preSolution
		Debug|Any CPU = Debug|Any CPU
		Release|Any CPU = Release|Any CPU
	EndGlobalSection
	GlobalSection(ProjectConfigurationPlatforms) = postSolution
		{9FDD3C06-D174-4FC8-8874-EAF4C045A66E}.Debug|Any CPU.ActiveCfg = Debug|Any CPU
		{9FDD3C06-D174-4FC8-8874-EAF4C045A66E}.Debug|Any CPU.Build.0 = Debug|Any CPU
		{9FDD3C06-D174-4FC8-8874-EAF4C045A66E}.Release|Any CPU.ActiveCfg = Release|Any CPU
		{9FDD3C06-D174-4FC8-8874-EAF4C045A66E}.Release|Any CPU.Build.0 = Release|Any CPU
	EndGlobalSection
	GlobalSection(SolutionProperties) = preSolution
		HideSolutionNode = FALSE
	EndGlobalSection
	GlobalSection(ExtensibilityGlobals) = postSolution
		SolutionGuid = {7C829AD6-5B61-4ED5-825C-E6B637B51CB9}
	EndGlobalSection
EndGlobal
