
Microsoft Visual Studio Solution File, Format Version 12.00
# Visual Studio Version 16
VisualStudioVersion = 16.0.30717.126
MinimumVisualStudioVersion = 10.0.40219.1
Project("{FAE04EC0-301F-11D3-BF4B-00C04F79EFBC}") = "Birds", "Birds\Birds.csproj", "{CAC098D0-C113-40B1-BF69-3AA3BCD97AFD}"
EndProject
Global
	GlobalSection(SolutionConfigurationPlatforms) = preSolution
		Debug|Any CPU = Debug|Any CPU
		Release|Any CPU = Release|Any CPU
	EndGlobalSection
	GlobalSection(ProjectConfigurationPlatforms) = postSolution
		{CAC098D0-C113-40B1-BF69-3AA3BCD97AFD}.Debug|Any CPU.ActiveCfg = Debug|Any CPU
		{CAC098D0-C113-40B1-BF69-3AA3BCD97AFD}.Debug|Any CPU.Build.0 = Debug|Any CPU
		{CAC098D0-C113-40B1-BF69-3AA3BCD97AFD}.Release|Any CPU.ActiveCfg = Release|Any CPU
		{CAC098D0-C113-40B1-BF69-3AA3BCD97AFD}.Release|Any CPU.Build.0 = Release|Any CPU
	EndGlobalSection
	GlobalSection(SolutionProperties) = preSolution
		HideSolutionNode = FALSE
	EndGlobalSection
	GlobalSection(ExtensibilityGlobals) = postSolution
		SolutionGuid = {56C73653-2192-47C4-B03B-ACA95FB58F39}
	EndGlobalSection
EndGlobal
